
Microsoft Visual Studio Solution File, Format Version 12.00
# Visual Studio 2015
Project("{FAE04EC0-301F-11D3-BF4B-00C04F79EFBC}") = "PoolParty", "PoolParty.csproj", "{C843635C-2CC3-A194-85BB-754D68CA3834}"
EndProject
Project("{FAE04EC0-301F-11D3-BF4B-00C04F79EFBC}") = "PoolParty.Editor", "PoolParty.Editor.csproj", "{7AD4FE50-7D94-D418-BC95-1B717B7BF332}"
EndProject
Global
	GlobalSection(SolutionConfigurationPlatforms) = preSolution
		Debug|Any CPU = Debug|Any CPU
		Release|Any CPU = Release|Any CPU
	EndGlobalSection
	GlobalSection(ProjectConfigurationPlatforms) = postSolution
		{C843635C-2CC3-A194-85BB-754D68CA3834}.Debug|Any CPU.ActiveCfg = Debug|Any CPU
		{C843635C-2CC3-A194-85BB-754D68CA3834}.Debug|Any CPU.Build.0 = Debug|Any CPU
		{C843635C-2CC3-A194-85BB-754D68CA3834}.Release|Any CPU.ActiveCfg = Release|Any CPU
		{C843635C-2CC3-A194-85BB-754D68CA3834}.Release|Any CPU.Build.0 = Release|Any CPU
		{7AD4FE50-7D94-D418-BC95-1B717B7BF332}.Debug|Any CPU.ActiveCfg = Debug|Any CPU
		{7AD4FE50-7D94-D418-BC95-1B717B7BF332}.Debug|Any CPU.Build.0 = Debug|Any CPU
		{7AD4FE50-7D94-D418-BC95-1B717B7BF332}.Release|Any CPU.ActiveCfg = Release|Any CPU
		{7AD4FE50-7D94-D418-BC95-1B717B7BF332}.Release|Any CPU.Build.0 = Release|Any CPU
	EndGlobalSection
	GlobalSection(SolutionProperties) = preSolution
		HideSolutionNode = FALSE
	EndGlobalSection
EndGlobal
